
Microsoft Visual Studio Solution File, Format Version 12.00
# Visual Studio Version 17
VisualStudioVersion = 17.5.33627.172
MinimumVisualStudioVersion = 10.0.40219.1
Project("{9A19103F-16F7-4668-BE54-9A1E7A4F7556}") = "ShoppingCart", "ShoppingCart\ShoppingCart.csproj", "{7F851629-D6F6-4C3B-A764-55ABBAA06745}"
EndProject
Project("{9A19103F-16F7-4668-BE54-9A1E7A4F7556}") = "Models", "Models\Models.csproj", "{BD2791AE-CF3B-413D-840E-2318B0097E87}"
EndProject
Project("{FAE04EC0-301F-11D3-BF4B-00C04F79EFBC}") = "Business", "Business\Business.csproj", "{7278E389-0C46-4B94-A3AC-476C5B4DA23D}"
EndProject
Project("{FAE04EC0-301F-11D3-BF4B-00C04F79EFBC}") = "Service", "Service\Service.csproj", "{98CEDDB0-37F5-4154-A28A-22A81E632569}"
EndProject
Project("{2150E333-8FDC-42A3-9474-1A3956D46DE8}") = "05External", "05External", "{08C76567-7E0C-490A-8E3B-11E0A21556F3}"
EndProject
Project("{2150E333-8FDC-42A3-9474-1A3956D46DE8}") = "01 Entity", "01 Entity", "{5E0E7A94-DAC7-4C08-A047-AAF205252E84}"
EndProject
Project("{2150E333-8FDC-42A3-9474-1A3956D46DE8}") = "03 Logic", "03 Logic", "{ABB76C79-F200-4E8C-8D19-6CA48D0BD00C}"
EndProject
Project("{2150E333-8FDC-42A3-9474-1A3956D46DE8}") = "02 Storage", "02 Storage", "{F814DD7F-6981-4912-BE6B-8DA01C093E78}"
EndProject
Project("{FAE04EC0-301F-11D3-BF4B-00C04F79EFBC}") = "DataBases", "DataBases\DataBases.csproj", "{32BD4B01-BC6F-4A64-8E7E-4D27741A8960}"
EndProject
Project("{2150E333-8FDC-42A3-9474-1A3956D46DE8}") = "00 Tools", "00 Tools", "{34F40F00-6961-4E05-A520-EC4C08C50C1A}"
EndProject
Project("{9A19103F-16F7-4668-BE54-9A1E7A4F7556}") = "Uitls", "Utilities\Uitls.csproj", "{1B76E9FD-2BB7-4BCE-A7C2-7D8E06D58F6B}"
EndProject
Project("{2150E333-8FDC-42A3-9474-1A3956D46DE8}") = "04 UseCase", "04 UseCase", "{0BDDB6B5-364C-4BB8-8BCF-F0DCCAC51A00}"
EndProject
Global
	GlobalSection(SolutionConfigurationPlatforms) = preSolution
		Debug|Any CPU = Debug|Any CPU
		Debug|ARM = Debug|ARM
		Debug|ARM64 = Debug|ARM64
		Debug|x64 = Debug|x64
		Debug|x86 = Debug|x86
		Release|Any CPU = Release|Any CPU
		Release|ARM = Release|ARM
		Release|ARM64 = Release|ARM64
		Release|x64 = Release|x64
		Release|x86 = Release|x86
	EndGlobalSection
	GlobalSection(ProjectConfigurationPlatforms) = postSolution
		{7F851629-D6F6-4C3B-A764-55ABBAA06745}.Debug|Any CPU.ActiveCfg = Debug|Any CPU
		{7F851629-D6F6-4C3B-A764-55ABBAA06745}.Debug|Any CPU.Build.0 = Debug|Any CPU
		{7F851629-D6F6-4C3B-A764-55ABBAA06745}.Debug|ARM.ActiveCfg = Debug|Any CPU
		{7F851629-D6F6-4C3B-A764-55ABBAA06745}.Debug|ARM.Build.0 = Debug|Any CPU
		{7F851629-D6F6-4C3B-A764-55ABBAA06745}.Debug|ARM64.ActiveCfg = Debug|Any CPU
		{7F851629-D6F6-4C3B-A764-55ABBAA06745}.Debug|ARM64.Build.0 = Debug|Any CPU
		{7F851629-D6F6-4C3B-A764-55ABBAA06745}.Debug|x64.ActiveCfg = Debug|Any CPU
		{7F851629-D6F6-4C3B-A764-55ABBAA06745}.Debug|x64.Build.0 = Debug|Any CPU
		{7F851629-D6F6-4C3B-A764-55ABBAA06745}.Debug|x86.ActiveCfg = Debug|Any CPU
		{7F851629-D6F6-4C3B-A764-55ABBAA06745}.Debug|x86.Build.0 = Debug|Any CPU
		{7F851629-D6F6-4C3B-A764-55ABBAA06745}.Release|Any CPU.ActiveCfg = Release|Any CPU
		{7F851629-D6F6-4C3B-A764-55ABBAA06745}.Release|Any CPU.Build.0 = Release|Any CPU
		{7F851629-D6F6-4C3B-A764-55ABBAA06745}.Release|ARM.ActiveCfg = Release|Any CPU
		{7F851629-D6F6-4C3B-A764-55ABBAA06745}.Release|ARM.Build.0 = Release|Any CPU
		{7F851629-D6F6-4C3B-A764-55ABBAA06745}.Release|ARM64.ActiveCfg = Release|Any CPU
		{7F851629-D6F6-4C3B-A764-55ABBAA06745}.Release|ARM64.Build.0 = Release|Any CPU
		{7F851629-D6F6-4C3B-A764-55ABBAA06745}.Release|x64.ActiveCfg = Release|Any CPU
		{7F851629-D6F6-4C3B-A764-55ABBAA06745}.Release|x64.Build.0 = Release|Any CPU
		{7F851629-D6F6-4C3B-A764-55ABBAA06745}.Release|x86.ActiveCfg = Release|Any CPU
		{7F851629-D6F6-4C3B-A764-55ABBAA06745}.Release|x86.Build.0 = Release|Any CPU
		{BD2791AE-CF3B-413D-840E-2318B0097E87}.Debug|Any CPU.ActiveCfg = Debug|Any CPU
		{BD2791AE-CF3B-413D-840E-2318B0097E87}.Debug|Any CPU.Build.0 = Debug|Any CPU
		{BD2791AE-CF3B-413D-840E-2318B0097E87}.Debug|ARM.ActiveCfg = Debug|Any CPU
		{BD2791AE-CF3B-413D-840E-2318B0097E87}.Debug|ARM.Build.0 = Debug|Any CPU
		{BD2791AE-CF3B-413D-840E-2318B0097E87}.Debug|ARM64.ActiveCfg = Debug|Any CPU
		{BD2791AE-CF3B-413D-840E-2318B0097E87}.Debug|ARM64.Build.0 = Debug|Any CPU
		{BD2791AE-CF3B-413D-840E-2318B0097E87}.Debug|x64.ActiveCfg = Debug|Any CPU
		{BD2791AE-CF3B-413D-840E-2318B0097E87}.Debug|x64.Build.0 = Debug|Any CPU
		{BD2791AE-CF3B-413D-840E-2318B0097E87}.Debug|x86.ActiveCfg = Debug|Any CPU
		{BD2791AE-CF3B-413D-840E-2318B0097E87}.Debug|x86.Build.0 = Debug|Any CPU
		{BD2791AE-CF3B-413D-840E-2318B0097E87}.Release|Any CPU.ActiveCfg = Release|Any CPU
		{BD2791AE-CF3B-413D-840E-2318B0097E87}.Release|Any CPU.Build.0 = Release|Any CPU
		{BD2791AE-CF3B-413D-840E-2318B0097E87}.Release|ARM.ActiveCfg = Release|Any CPU
		{BD2791AE-CF3B-413D-840E-2318B0097E87}.Release|ARM.Build.0 = Release|Any CPU
		{BD2791AE-CF3B-413D-840E-2318B0097E87}.Release|ARM64.ActiveCfg = Release|Any CPU
		{BD2791AE-CF3B-413D-840E-2318B0097E87}.Release|ARM64.Build.0 = Release|Any CPU
		{BD2791AE-CF3B-413D-840E-2318B0097E87}.Release|x64.ActiveCfg = Release|Any CPU
		{BD2791AE-CF3B-413D-840E-2318B0097E87}.Release|x64.Build.0 = Release|Any CPU
		{BD2791AE-CF3B-413D-840E-2318B0097E87}.Release|x86.ActiveCfg = Release|Any CPU
		{BD2791AE-CF3B-413D-840E-2318B0097E87}.Release|x86.Build.0 = Release|Any CPU
		{7278E389-0C46-4B94-A3AC-476C5B4DA23D}.Debug|Any CPU.ActiveCfg = Debug|Any CPU
		{7278E389-0C46-4B94-A3AC-476C5B4DA23D}.Debug|Any CPU.Build.0 = Debug|Any CPU
		{7278E389-0C46-4B94-A3AC-476C5B4DA23D}.Debug|ARM.ActiveCfg = Debug|Any CPU
		{7278E389-0C46-4B94-A3AC-476C5B4DA23D}.Debug|ARM.Build.0 = Debug|Any CPU
		{7278E389-0C46-4B94-A3AC-476C5B4DA23D}.Debug|ARM64.ActiveCfg = Debug|Any CPU
		{7278E389-0C46-4B94-A3AC-476C5B4DA23D}.Debug|ARM64.Build.0 = Debug|Any CPU
		{7278E389-0C46-4B94-A3AC-476C5B4DA23D}.Debug|x64.ActiveCfg = Debug|Any CPU
		{7278E389-0C46-4B94-A3AC-476C5B4DA23D}.Debug|x64.Build.0 = Debug|Any CPU
		{7278E389-0C46-4B94-A3AC-476C5B4DA23D}.Debug|x86.ActiveCfg = Debug|Any CPU
		{7278E389-0C46-4B94-A3AC-476C5B4DA23D}.Debug|x86.Build.0 = Debug|Any CPU
		{7278E389-0C46-4B94-A3AC-476C5B4DA23D}.Release|Any CPU.ActiveCfg = Release|Any CPU
		{7278E389-0C46-4B94-A3AC-476C5B4DA23D}.Release|Any CPU.Build.0 = Release|Any CPU
		{7278E389-0C46-4B94-A3AC-476C5B4DA23D}.Release|ARM.ActiveCfg = Release|Any CPU
		{7278E389-0C46-4B94-A3AC-476C5B4DA23D}.Release|ARM.Build.0 = Release|Any CPU
		{7278E389-0C46-4B94-A3AC-476C5B4DA23D}.Release|ARM64.ActiveCfg = Release|Any CPU
		{7278E389-0C46-4B94-A3AC-476C5B4DA23D}.Release|ARM64.Build.0 = Release|Any CPU
		{7278E389-0C46-4B94-A3AC-476C5B4DA23D}.Release|x64.ActiveCfg = Release|Any CPU
		{7278E389-0C46-4B94-A3AC-476C5B4DA23D}.Release|x64.Build.0 = Release|Any CPU
		{7278E389-0C46-4B94-A3AC-476C5B4DA23D}.Release|x86.ActiveCfg = Release|Any CPU
		{7278E389-0C46-4B94-A3AC-476C5B4DA23D}.Release|x86.Build.0 = Release|Any CPU
		{98CEDDB0-37F5-4154-A28A-22A81E632569}.Debug|Any CPU.ActiveCfg = Debug|Any CPU
		{98CEDDB0-37F5-4154-A28A-22A81E632569}.Debug|Any CPU.Build.0 = Debug|Any CPU
		{98CEDDB0-37F5-4154-A28A-22A81E632569}.Debug|ARM.ActiveCfg = Debug|Any CPU
		{98CEDDB0-37F5-4154-A28A-22A81E632569}.Debug|ARM.Build.0 = Debug|Any CPU
		{98CEDDB0-37F5-4154-A28A-22A81E632569}.Debug|ARM64.ActiveCfg = Debug|Any CPU
		{98CEDDB0-37F5-4154-A28A-22A81E632569}.Debug|ARM64.Build.0 = Debug|Any CPU
		{98CEDDB0-37F5-4154-A28A-22A81E632569}.Debug|x64.ActiveCfg = Debug|Any CPU
		{98CEDDB0-37F5-4154-A28A-22A81E632569}.Debug|x64.Build.0 = Debug|Any CPU
		{98CEDDB0-37F5-4154-A28A-22A81E632569}.Debug|x86.ActiveCfg = Debug|Any CPU
		{98CEDDB0-37F5-4154-A28A-22A81E632569}.Debug|x86.Build.0 = Debug|Any CPU
		{98CEDDB0-37F5-4154-A28A-22A81E632569}.Release|Any CPU.ActiveCfg = Release|Any CPU
		{98CEDDB0-37F5-4154-A28A-22A81E632569}.Release|Any CPU.Build.0 = Release|Any CPU
		{98CEDDB0-37F5-4154-A28A-22A81E632569}.Release|ARM.ActiveCfg = Release|Any CPU
		{98CEDDB0-37F5-4154-A28A-22A81E632569}.Release|ARM.Build.0 = Release|Any CPU
		{98CEDDB0-37F5-4154-A28A-22A81E632569}.Release|ARM64.ActiveCfg = Release|Any CPU
		{98CEDDB0-37F5-4154-A28A-22A81E632569}.Release|ARM64.Build.0 = Release|Any CPU
		{98CEDDB0-37F5-4154-A28A-22A81E632569}.Release|x64.ActiveCfg = Release|Any CPU
		{98CEDDB0-37F5-4154-A28A-22A81E632569}.Release|x64.Build.0 = Release|Any CPU
		{98CEDDB0-37F5-4154-A28A-22A81E632569}.Release|x86.ActiveCfg = Release|Any CPU
		{98CEDDB0-37F5-4154-A28A-22A81E632569}.Release|x86.Build.0 = Release|Any CPU
		{32BD4B01-BC6F-4A64-8E7E-4D27741A8960}.Debug|Any CPU.ActiveCfg = Debug|Any CPU
		{32BD4B01-BC6F-4A64-8E7E-4D27741A8960}.Debug|Any CPU.Build.0 = Debug|Any CPU
		{32BD4B01-BC6F-4A64-8E7E-4D27741A8960}.Debug|ARM.ActiveCfg = Debug|Any CPU
		{32BD4B01-BC6F-4A64-8E7E-4D27741A8960}.Debug|ARM.Build.0 = Debug|Any CPU
		{32BD4B01-BC6F-4A64-8E7E-4D27741A8960}.Debug|ARM64.ActiveCfg = Debug|Any CPU
		{32BD4B01-BC6F-4A64-8E7E-4D27741A8960}.Debug|ARM64.Build.0 = Debug|Any CPU
		{32BD4B01-BC6F-4A64-8E7E-4D27741A8960}.Debug|x64.ActiveCfg = Debug|Any CPU
		{32BD4B01-BC6F-4A64-8E7E-4D27741A8960}.Debug|x64.Build.0 = Debug|Any CPU
		{32BD4B01-BC6F-4A64-8E7E-4D27741A8960}.Debug|x86.ActiveCfg = Debug|Any CPU
		{32BD4B01-BC6F-4A64-8E7E-4D27741A8960}.Debug|x86.Build.0 = Debug|Any CPU
		{32BD4B01-BC6F-4A64-8E7E-4D27741A8960}.Release|Any CPU.ActiveCfg = Release|Any CPU
		{32BD4B01-BC6F-4A64-8E7E-4D27741A8960}.Release|Any CPU.Build.0 = Release|Any CPU
		{32BD4B01-BC6F-4A64-8E7E-4D27741A8960}.Release|ARM.ActiveCfg = Release|Any CPU
		{32BD4B01-BC6F-4A64-8E7E-4D27741A8960}.Release|ARM.Build.0 = Release|Any CPU
		{32BD4B01-BC6F-4A64-8E7E-4D27741A8960}.Release|ARM64.ActiveCfg = Release|Any CPU
		{32BD4B01-BC6F-4A64-8E7E-4D27741A8960}.Release|ARM64.Build.0 = Release|Any CPU
		{32BD4B01-BC6F-4A64-8E7E-4D27741A8960}.Release|x64.ActiveCfg = Release|Any CPU
		{32BD4B01-BC6F-4A64-8E7E-4D27741A8960}.Release|x64.Build.0 = Release|Any CPU
		{32BD4B01-BC6F-4A64-8E7E-4D27741A8960}.Release|x86.ActiveCfg = Release|Any CPU
		{32BD4B01-BC6F-4A64-8E7E-4D27741A8960}.Release|x86.Build.0 = Release|Any CPU
		{1B76E9FD-2BB7-4BCE-A7C2-7D8E06D58F6B}.Debug|Any CPU.ActiveCfg = Debug|Any CPU
		{1B76E9FD-2BB7-4BCE-A7C2-7D8E06D58F6B}.Debug|Any CPU.Build.0 = Debug|Any CPU
		{1B76E9FD-2BB7-4BCE-A7C2-7D8E06D58F6B}.Debug|ARM.ActiveCfg = Debug|Any CPU
		{1B76E9FD-2BB7-4BCE-A7C2-7D8E06D58F6B}.Debug|ARM.Build.0 = Debug|Any CPU
		{1B76E9FD-2BB7-4BCE-A7C2-7D8E06D58F6B}.Debug|ARM64.ActiveCfg = Debug|Any CPU
		{1B76E9FD-2BB7-4BCE-A7C2-7D8E06D58F6B}.Debug|ARM64.Build.0 = Debug|Any CPU
		{1B76E9FD-2BB7-4BCE-A7C2-7D8E06D58F6B}.Debug|x64.ActiveCfg = Debug|Any CPU
		{1B76E9FD-2BB7-4BCE-A7C2-7D8E06D58F6B}.Debug|x64.Build.0 = Debug|Any CPU
		{1B76E9FD-2BB7-4BCE-A7C2-7D8E06D58F6B}.Debug|x86.ActiveCfg = Debug|Any CPU
		{1B76E9FD-2BB7-4BCE-A7C2-7D8E06D58F6B}.Debug|x86.Build.0 = Debug|Any CPU
		{1B76E9FD-2BB7-4BCE-A7C2-7D8E06D58F6B}.Release|Any CPU.ActiveCfg = Release|Any CPU
		{1B76E9FD-2BB7-4BCE-A7C2-7D8E06D58F6B}.Release|Any CPU.Build.0 = Release|Any CPU
		{1B76E9FD-2BB7-4BCE-A7C2-7D8E06D58F6B}.Release|ARM.ActiveCfg = Release|Any CPU
		{1B76E9FD-2BB7-4BCE-A7C2-7D8E06D58F6B}.Release|ARM.Build.0 = Release|Any CPU
		{1B76E9FD-2BB7-4BCE-A7C2-7D8E06D58F6B}.Release|ARM64.ActiveCfg = Release|Any CPU
		{1B76E9FD-2BB7-4BCE-A7C2-7D8E06D58F6B}.Release|ARM64.Build.0 = Release|Any CPU
		{1B76E9FD-2BB7-4BCE-A7C2-7D8E06D58F6B}.Release|x64.ActiveCfg = Release|Any CPU
		{1B76E9FD-2BB7-4BCE-A7C2-7D8E06D58F6B}.Release|x64.Build.0 = Release|Any CPU
		{1B76E9FD-2BB7-4BCE-A7C2-7D8E06D58F6B}.Release|x86.ActiveCfg = Release|Any CPU
		{1B76E9FD-2BB7-4BCE-A7C2-7D8E06D58F6B}.Release|x86.Build.0 = Release|Any CPU
	EndGlobalSection
	GlobalSection(SolutionProperties) = preSolution
		HideSolutionNode = FALSE
	EndGlobalSection
	GlobalSection(NestedProjects) = preSolution
		{7F851629-D6F6-4C3B-A764-55ABBAA06745} = {08C76567-7E0C-490A-8E3B-11E0A21556F3}
		{BD2791AE-CF3B-413D-840E-2318B0097E87} = {5E0E7A94-DAC7-4C08-A047-AAF205252E84}
		{7278E389-0C46-4B94-A3AC-476C5B4DA23D} = {0BDDB6B5-364C-4BB8-8BCF-F0DCCAC51A00}
		{98CEDDB0-37F5-4154-A28A-22A81E632569} = {ABB76C79-F200-4E8C-8D19-6CA48D0BD00C}
		{32BD4B01-BC6F-4A64-8E7E-4D27741A8960} = {F814DD7F-6981-4912-BE6B-8DA01C093E78}
		{1B76E9FD-2BB7-4BCE-A7C2-7D8E06D58F6B} = {34F40F00-6961-4E05-A520-EC4C08C50C1A}
	EndGlobalSection
	GlobalSection(ExtensibilityGlobals) = postSolution
		SolutionGuid = {0D0BA91A-4448-4023-9B6B-8FB109890C6D}
	EndGlobalSection
EndGlobal
